{
    "_meta": {
        "hash": {
            "sha256": "954a00b1a11977bf9494058000c890eb4974cb8861cd408161ccc7868a054b04"
        },
        "pipfile-spec": 6,
        "requires": {
            "python_version": "3.7"
        },
        "sources": [
            {
                "name": "pypi",
                "url": "https://pypi.org/simple",
                "verify_ssl": true
            }
        ]
    },
    "default": {
        "tomlkit": {
            "hashes": [
                "sha256:a8d806f3a453c2d292afe97918398354e405b93919e2e68771a3fd0a90e89576",
                "sha256:c6b0c11b85e888c12330c7605d43c1446aa148cd421163f90ca46ea813f2c336"
            ],
            "index": "pypi",
            "version": "==0.5.5"
        }
    },
    "develop": {}
}
